
Microsoft Visual Studio Solution File, Format Version 12.00
# Visual Studio Version 16
VisualStudioVersion = 25.0.1704.0
MinimumVisualStudioVersion = 10.0.40219.1
Project("{FAE04EC0-301F-11D3-BF4B-00C04F79EFBC}") = "gt-quiz", "gt-quiz\gt-quiz.csproj", "{88F0D16D-D0EE-4E31-8AD3-8CE515EE83CA}"
EndProject
Global
	GlobalSection(SolutionConfigurationPlatforms) = preSolution
		Debug|Any CPU = Debug|Any CPU
		Release|Any CPU = Release|Any CPU
	EndGlobalSection
	GlobalSection(ProjectConfigurationPlatforms) = postSolution
		{88F0D16D-D0EE-4E31-8AD3-8CE515EE83CA}.Debug|Any CPU.ActiveCfg = Debug|Any CPU
		{88F0D16D-D0EE-4E31-8AD3-8CE515EE83CA}.Debug|Any CPU.Build.0 = Debug|Any CPU
		{88F0D16D-D0EE-4E31-8AD3-8CE515EE83CA}.Release|Any CPU.ActiveCfg = Release|Any CPU
		{88F0D16D-D0EE-4E31-8AD3-8CE515EE83CA}.Release|Any CPU.Build.0 = Release|Any CPU
	EndGlobalSection
	GlobalSection(SolutionProperties) = preSolution
		HideSolutionNode = FALSE
	EndGlobalSection
	GlobalSection(ExtensibilityGlobals) = postSolution
		SolutionGuid = {DF027D7E-1C50-43A7-B4FF-5C6C0C2FCABC}
	EndGlobalSection
EndGlobal
